{
  "name": "typescript-problem",
  "version": "0.1.0",
  "lockfileVersion": 1,
  "requires": true,
  "dependencies": {
    "@types/jest": {
      "version": "22.2.3",
      "resolved": "https://registry.npmjs.org/@types/jest/-/jest-22.2.3.tgz",
      "integrity": "sha512-e74sM9W/4qqWB6D4TWV9FQk0WoHtX1X4FJpbjxucMSVJHtFjbQOH3H6yp+xno4br0AKG0wz/kPtaN599GUOvAg==",
      "dev": true
    },
    "typescript": {
      "version": "3.2.4",
      "resolved": "https://registry.npmjs.org/typescript/-/typescript-3.2.4.tgz",
      "integrity": "sha512-0RNDbSdEokBeEAkgNbxJ+BLwSManFy9TeXz8uW+48j/xhEXv1ePME60olyzw2XzUqUBNAYFeJadIqAgNqIACwg==",
      "dev": true
    }
  }
}
